// !$*UTF8*$!
{
	archiveVersion = 1;
	classes = {
	};
	objectVersion = 56;
	objects = {

/* Begin PBXBuildFile section */
		5D4EF1EC2B69586E00929C6A /* AddEventView.swift in Sources */ = {isa = PBXBuildFile; fileRef = 5D4EF1EB2B69586E00929C6A /* AddEventView.swift */; };
		74CB1B9A2B694117005C7F15 /* CloudKitPublicDatabaseSampleApp.swift in Sources */ = {isa = PBXBuildFile; fileRef = 74CB1B992B694117005C7F15 /* CloudKitPublicDatabaseSampleApp.swift */; };
		74CB1B9C2B694117005C7F15 /* ContentView.swift in Sources */ = {isa = PBXBuildFile; fileRef = 74CB1B9B2B694117005C7F15 /* ContentView.swift */; };
		74CB1B9E2B694118005C7F15 /* Assets.xcassets in Resources */ = {isa = PBXBuildFile; fileRef = 74CB1B9D2B694118005C7F15 /* Assets.xcassets */; };
		74CB1BA12B694118005C7F15 /* Preview Assets.xcassets in Resources */ = {isa = PBXBuildFile; fileRef = 74CB1BA02B694118005C7F15 /* Preview Assets.xcassets */; };
		74CB1BA82B6941E4005C7F15 /* CloudKitService.swift in Sources */ = {isa = PBXBuildFile; fileRef = 74CB1BA72B6941E4005C7F15 /* CloudKitService.swift */; };
		74CB1BAB2B69427F005C7F15 /* Event.swift in Sources */ = {isa = PBXBuildFile; fileRef = 74CB1BAA2B69427F005C7F15 /* Event.swift */; };
		74CB1BAD2B694B48005C7F15 /* EventViewModel.swift in Sources */ = {isa = PBXBuildFile; fileRef = 74CB1BAC2B694B48005C7F15 /* EventViewModel.swift */; };
/* End PBXBuildFile section */

/* Begin PBXFileReference section */
		5D4EF1EB2B69586E00929C6A /* AddEventView.swift */ = {isa = PBXFileReference; lastKnownFileType = sourcecode.swift; path = AddEventView.swift; sourceTree = "<group>"; };
		74CB1B962B694117005C7F15 /* CloudKitPublicDatabaseSample.app */ = {isa = PBXFileReference; explicitFileType = wrapper.application; includeInIndex = 0; path = CloudKitPublicDatabaseSample.app; sourceTree = BUILT_PRODUCTS_DIR; };
		74CB1B992B694117005C7F15 /* CloudKitPublicDatabaseSampleApp.swift */ = {isa = PBXFileReference; lastKnownFileType = sourcecode.swift; path = CloudKitPublicDatabaseSampleApp.swift; sourceTree = "<group>"; };
		74CB1B9B2B694117005C7F15 /* ContentView.swift */ = {isa = PBXFileReference; lastKnownFileType = sourcecode.swift; path = ContentView.swift; sourceTree = "<group>"; };
		74CB1B9D2B694118005C7F15 /* Assets.xcassets */ = {isa = PBXFileReference; lastKnownFileType = folder.assetcatalog; path = Assets.xcassets; sourceTree = "<group>"; };
		74CB1BA02B694118005C7F15 /* Preview Assets.xcassets */ = {isa = PBXFileReference; lastKnownFileType = folder.assetcatalog; path = "Preview Assets.xcassets"; sourceTree = "<group>"; };
		74CB1BA72B6941E4005C7F15 /* CloudKitService.swift */ = {isa = PBXFileReference; lastKnownFileType = sourcecode.swift; path = CloudKitService.swift; sourceTree = "<group>"; };
		74CB1BA92B6941FC005C7F15 /* CloudKitPublicDatabaseSample.entitlements */ = {isa = PBXFileReference; lastKnownFileType = text.plist.entitlements; path = CloudKitPublicDatabaseSample.entitlements; sourceTree = "<group>"; };
		74CB1BAA2B69427F005C7F15 /* Event.swift */ = {isa = PBXFileReference; lastKnownFileType = sourcecode.swift; path = Event.swift; sourceTree = "<group>"; };
		74CB1BAC2B694B48005C7F15 /* EventViewModel.swift */ = {isa = PBXFileReference; lastKnownFileType = sourcecode.swift; path = EventViewModel.swift; sourceTree = "<group>"; };
/* End PBXFileReference section */

/* Begin PBXFrameworksBuildPhase section */
		74CB1B932B694117005C7F15 /* Frameworks */ = {
			isa = PBXFrameworksBuildPhase;
			buildActionMask = 2147483647;
			files = (
			);
			runOnlyForDeploymentPostprocessing = 0;
		};
/* End PBXFrameworksBuildPhase section */

/* Begin PBXGroup section */
		74CB1B8D2B694117005C7F15 = {
			isa = PBXGroup;
			children = (
				74CB1B982B694117005C7F15 /* CloudKitPublicDatabaseSample */,
				74CB1B972B694117005C7F15 /* Products */,
			);
			sourceTree = "<group>";
		};
		74CB1B972B694117005C7F15 /* Products */ = {
			isa = PBXGroup;
			children = (
				74CB1B962B694117005C7F15 /* CloudKitPublicDatabaseSample.app */,
			);
			name = Products;
			sourceTree = "<group>";
		};
		74CB1B982B694117005C7F15 /* CloudKitPublicDatabaseSample */ = {
			isa = PBXGroup;
			children = (
				74CB1BA92B6941FC005C7F15 /* CloudKitPublicDatabaseSample.entitlements */,
				74CB1B992B694117005C7F15 /* CloudKitPublicDatabaseSampleApp.swift */,
				74CB1B9B2B694117005C7F15 /* ContentView.swift */,
				5D4EF1EB2B69586E00929C6A /* AddEventView.swift */,
				74CB1BA72B6941E4005C7F15 /* CloudKitService.swift */,
				74CB1BAC2B694B48005C7F15 /* EventViewModel.swift */,
				74CB1BAA2B69427F005C7F15 /* Event.swift */,
				74CB1B9D2B694118005C7F15 /* Assets.xcassets */,
				74CB1B9F2B694118005C7F15 /* Preview Content */,
			);
			path = CloudKitPublicDatabaseSample;
			sourceTree = "<group>";
		};
		74CB1B9F2B694118005C7F15 /* Preview Content */ = {
			isa = PBXGroup;
			children = (
				74CB1BA02B694118005C7F15 /* Preview Assets.xcassets */,
			);
			path = "Preview Content";
			sourceTree = "<group>";
		};
/* End PBXGroup section */

/* Begin PBXNativeTarget section */
		74CB1B952B694117005C7F15 /* CloudKitPublicDatabaseSample */ = {
			isa = PBXNativeTarget;
			buildConfigurationList = 74CB1BA42B694118005C7F15 /* Build configuration list for PBXNativeTarget "CloudKitPublicDatabaseSample" */;
			buildPhases = (
				74CB1B922B694117005C7F15 /* Sources */,
				74CB1B932B694117005C7F15 /* Frameworks */,
				74CB1B942B694117005C7F15 /* Resources */,
			);
			buildRules = (
			);
			dependencies = (
			);
			name = CloudKitPublicDatabaseSample;
			productName = CloudKitPublicDatabaseSample;
			productReference = 74CB1B962B694117005C7F15 /* CloudKitPublicDatabaseSample.app */;
			productType = "com.apple.product-type.application";
		};
/* End PBXNativeTarget section */

/* Begin PBXProject section */
		74CB1B8E2B694117005C7F15 /* Project object */ = {
			isa = PBXProject;
			attributes = {
				BuildIndependentTargetsInParallel = 1;
				LastSwiftUpdateCheck = 1500;
				LastUpgradeCheck = 1500;
				TargetAttributes = {
					74CB1B952B694117005C7F15 = {
						CreatedOnToolsVersion = 15.0.1;
					};
				};
			};
			buildConfigurationList = 74CB1B912B694117005C7F15 /* Build configuration list for PBXProject "CloudKitPublicDatabaseSample" */;
			compatibilityVersion = "Xcode 14.0";
			developmentRegion = en;
			hasScannedForEncodings = 0;
			knownRegions = (
				en,
				Base,
			);
			mainGroup = 74CB1B8D2B694117005C7F15;
			productRefGroup = 74CB1B972B694117005C7F15 /* Products */;
			projectDirPath = "";
			projectRoot = "";
			targets = (
				74CB1B952B694117005C7F15 /* CloudKitPublicDatabaseSample */,
			);
		};
/* End PBXProject section */

/* Begin PBXResourcesBuildPhase section */
		74CB1B942B694117005C7F15 /* Resources */ = {
			isa = PBXResourcesBuildPhase;
			buildActionMask = 2147483647;
			files = (
				74CB1BA12B694118005C7F15 /* Preview Assets.xcassets in Resources */,
				74CB1B9E2B694118005C7F15 /* Assets.xcassets in Resources */,
			);
			runOnlyForDeploymentPostprocessing = 0;
		};
/* End PBXResourcesBuildPhase section */

/* Begin PBXSourcesBuildPhase section */
		74CB1B922B694117005C7F15 /* Sources */ = {
			isa = PBXSourcesBuildPhase;
			buildActionMask = 2147483647;
			files = (
				74CB1BA82B6941E4005C7F15 /* CloudKitService.swift in Sources */,
				5D4EF1EC2B69586E00929C6A /* AddEventView.swift in Sources */,
				74CB1B9C2B694117005C7F15 /* ContentView.swift in Sources */,
				74CB1B9A2B694117005C7F15 /* CloudKitPublicDatabaseSampleApp.swift in Sources */,
				74CB1BAD2B694B48005C7F15 /* EventViewModel.swift in Sources */,
				74CB1BAB2B69427F005C7F15 /* Event.swift in Sources */,
			);
			runOnlyForDeploymentPostprocessing = 0;
		};
/* End PBXSourcesBuildPhase section */

/* Begin XCBuildConfiguration section */
		74CB1BA22B694118005C7F15 /* Debug */ = {
			isa = XCBuildConfiguration;
			buildSettings = {
				ALWAYS_SEARCH_USER_PATHS = NO;
				ASSETCATALOG_COMPILER_GENERATE_SWIFT_ASSET_SYMBOL_EXTENSIONS = YES;
				CLANG_ANALYZER_NONNULL = YES;
				CLANG_ANALYZER_NUMBER_OBJECT_CONVERSION = YES_AGGRESSIVE;
				CLANG_CXX_LANGUAGE_STANDARD = "gnu++20";
				CLANG_ENABLE_MODULES = YES;
				CLANG_ENABLE_OBJC_ARC = YES;
				CLANG_ENABLE_OBJC_WEAK = YES;
				CLANG_WARN_BLOCK_CAPTURE_AUTORELEASING = YES;
				CLANG_WARN_BOOL_CONVERSION = YES;
				CLANG_WARN_COMMA = YES;
				CLANG_WARN_CONSTANT_CONVERSION = YES;
				CLANG_WARN_DEPRECATED_OBJC_IMPLEMENTATIONS = YES;
				CLANG_WARN_DIRECT_OBJC_ISA_USAGE = YES_ERROR;
				CLANG_WARN_DOCUMENTATION_COMMENTS = YES;
				CLANG_WARN_EMPTY_BODY = YES;
				CLANG_WARN_ENUM_CONVERSION = YES;
				CLANG_WARN_INFINITE_RECURSION = YES;
				CLANG_WARN_INT_CONVERSION = YES;
				CLANG_WARN_NON_LITERAL_NULL_CONVERSION = YES;
				CLANG_WARN_OBJC_IMPLICIT_RETAIN_SELF = YES;
				CLANG_WARN_OBJC_LITERAL_CONVERSION = YES;
				CLANG_WARN_OBJC_ROOT_CLASS = YES_ERROR;
				CLANG_WARN_QUOTED_INCLUDE_IN_FRAMEWORK_HEADER = YES;
				CLANG_WARN_RANGE_LOOP_ANALYSIS = YES;
				CLANG_WARN_STRICT_PROTOTYPES = YES;
				CLANG_WARN_SUSPICIOUS_MOVE = YES;
				CLANG_WARN_UNGUARDED_AVAILABILITY = YES_AGGRESSIVE;
				CLANG_WARN_UNREACHABLE_CODE = YES;
				CLANG_WARN__DUPLICATE_METHOD_MATCH = YES;
				COPY_PHASE_STRIP = NO;
				DEBUG_INFORMATION_FORMAT = dwarf;
				ENABLE_STRICT_OBJC_MSGSEND = YES;
				ENABLE_TESTABILITY = YES;
				ENABLE_USER_SCRIPT_SANDBOXING = YES;
				GCC_C_LANGUAGE_STANDARD = gnu17;
				GCC_DYNAMIC_NO_PIC = NO;
				GCC_NO_COMMON_BLOCKS = YES;
				GCC_OPTIMIZATION_LEVEL = 0;
				GCC_PREPROCESSOR_DEFINITIONS = (
					"DEBUG=1",
					"$(inherited)",
				);
				GCC_WARN_64_TO_32_BIT_CONVERSION = YES;
				GCC_WARN_ABOUT_RETURN_TYPE = YES_ERROR;
				GCC_WARN_UNDECLARED_SELECTOR = YES;
				GCC_WARN_UNINITIALIZED_AUTOS = YES_AGGRESSIVE;
				GCC_WARN_UNUSED_FUNCTION = YES;
				GCC_WARN_UNUSED_VARIABLE = YES;
				IPHONEOS_DEPLOYMENT_TARGET = 17.0;
				LOCALIZATION_PREFERS_STRING_CATALOGS = YES;
				MTL_ENABLE_DEBUG_INFO = INCLUDE_SOURCE;
				MTL_FAST_MATH = YES;
				ONLY_ACTIVE_ARCH = YES;
				SDKROOT = iphoneos;
				SWIFT_ACTIVE_COMPILATION_CONDITIONS = "DEBUG $(inherited)";
				SWIFT_OPTIMIZATION_LEVEL = "-Onone";
			};
			name = Debug;
		};
		74CB1BA32B694118005C7F15 /* Release */ = {
			isa = XCBuildConfiguration;
			buildSettings = {
				ALWAYS_SEARCH_USER_PATHS = NO;
				ASSETCATALOG_COMPILER_GENERATE_SWIFT_ASSET_SYMBOL_EXTENSIONS = YES;
				CLANG_ANALYZER_NONNULL = YES;
				CLANG_ANALYZER_NUMBER_OBJECT_CONVERSION = YES_AGGRESSIVE;
				CLANG_CXX_LANGUAGE_STANDARD = "gnu++20";
				CLANG_ENABLE_MODULES = YES;
				CLANG_ENABLE_OBJC_ARC = YES;
				CLANG_ENABLE_OBJC_WEAK = YES;
				CLANG_WARN_BLOCK_CAPTURE_AUTORELEASING = YES;
				CLANG_WARN_BOOL_CONVERSION = YES;
				CLANG_WARN_COMMA = YES;
				CLANG_WARN_CONSTANT_CONVERSION = YES;
				CLANG_WARN_DEPRECATED_OBJC_IMPLEMENTATIONS = YES;
				CLANG_WARN_DIRECT_OBJC_ISA_USAGE = YES_ERROR;
				CLANG_WARN_DOCUMENTATION_COMMENTS = YES;
				CLANG_WARN_EMPTY_BODY = YES;
				CLANG_WARN_ENUM_CONVERSION = YES;
				CLANG_WARN_INFINITE_RECURSION = YES;
				CLANG_WARN_INT_CONVERSION = YES;
				CLANG_WARN_NON_LITERAL_NULL_CONVERSION = YES;
				CLANG_WARN_OBJC_IMPLICIT_RETAIN_SELF = YES;
				CLANG_WARN_OBJC_LITERAL_CONVERSION = YES;
				CLANG_WARN_OBJC_ROOT_CLASS = YES_ERROR;
				CLANG_WARN_QUOTED_INCLUDE_IN_FRAMEWORK_HEADER = YES;
				CLANG_WARN_RANGE_LOOP_ANALYSIS = YES;
				CLANG_WARN_STRICT_PROTOTYPES = YES;
				CLANG_WARN_SUSPICIOUS_MOVE = YES;
				CLANG_WARN_UNGUARDED_AVAILABILITY = YES_AGGRESSIVE;
				CLANG_WARN_UNREACHABLE_CODE = YES;
				CLANG_WARN__DUPLICATE_METHOD_MATCH = YES;
				COPY_PHASE_STRIP = NO;
				DEBUG_INFORMATION_FORMAT = "dwarf-with-dsym";
				ENABLE_NS_ASSERTIONS = NO;
				ENABLE_STRICT_OBJC_MSGSEND = YES;
				ENABLE_USER_SCRIPT_SANDBOXING = YES;
				GCC_C_LANGUAGE_STANDARD = gnu17;
				GCC_NO_COMMON_BLOCKS = YES;
				GCC_WARN_64_TO_32_BIT_CONVERSION = YES;
				GCC_WARN_ABOUT_RETURN_TYPE = YES_ERROR;
				GCC_WARN_UNDECLARED_SELECTOR = YES;
				GCC_WARN_UNINITIALIZED_AUTOS = YES_AGGRESSIVE;
				GCC_WARN_UNUSED_FUNCTION = YES;
				GCC_WARN_UNUSED_VARIABLE = YES;
				IPHONEOS_DEPLOYMENT_TARGET = 17.0;
				LOCALIZATION_PREFERS_STRING_CATALOGS = YES;
				MTL_ENABLE_DEBUG_INFO = NO;
				MTL_FAST_MATH = YES;
				SDKROOT = iphoneos;
				SWIFT_COMPILATION_MODE = wholemodule;
				VALIDATE_PRODUCT = YES;
			};
			name = Release;
		};
		74CB1BA52B694118005C7F15 /* Debug */ = {
			isa = XCBuildConfiguration;
			buildSettings = {
				ASSETCATALOG_COMPILER_APPICON_NAME = AppIcon;
				ASSETCATALOG_COMPILER_GLOBAL_ACCENT_COLOR_NAME = AccentColor;
				CODE_SIGN_ENTITLEMENTS = CloudKitPublicDatabaseSample/CloudKitPublicDatabaseSample.entitlements;
				CODE_SIGN_STYLE = Automatic;
				CURRENT_PROJECT_VERSION = 1;
				DEVELOPMENT_ASSET_PATHS = "\"CloudKitPublicDatabaseSample/Preview Content\"";
				DEVELOPMENT_TEAM = 3UR85MK9RT;
				ENABLE_PREVIEWS = YES;
				GENERATE_INFOPLIST_FILE = YES;
				INFOPLIST_KEY_UIApplicationSceneManifest_Generation = YES;
				INFOPLIST_KEY_UIApplicationSupportsIndirectInputEvents = YES;
				INFOPLIST_KEY_UILaunchScreen_Generation = YES;
				INFOPLIST_KEY_UISupportedInterfaceOrientations_iPad = "UIInterfaceOrientationPortrait UIInterfaceOrientationPortraitUpsideDown UIInterfaceOrientationLandscapeLeft UIInterfaceOrientationLandscapeRight";
				INFOPLIST_KEY_UISupportedInterfaceOrientations_iPhone = "UIInterfaceOrientationPortrait UIInterfaceOrientationLandscapeLeft UIInterfaceOrientationLandscapeRight";
				LD_RUNPATH_SEARCH_PATHS = (
					"$(inherited)",
					"@executable_path/Frameworks",
				);
				MARKETING_VERSION = 1.0;
				PRODUCT_BUNDLE_IDENTIFIER = com.CoryTripathy.CloudKitPublicDatabaseSample;
				PRODUCT_NAME = "$(TARGET_NAME)";
				SWIFT_EMIT_LOC_STRINGS = YES;
				SWIFT_VERSION = 5.0;
				TARGETED_DEVICE_FAMILY = "1,2";
			};
			name = Debug;
		};
		74CB1BA62B694118005C7F15 /* Release */ = {
			isa = XCBuildConfiguration;
			buildSettings = {
				ASSETCATALOG_COMPILER_APPICON_NAME = AppIcon;
				ASSETCATALOG_COMPILER_GLOBAL_ACCENT_COLOR_NAME = AccentColor;
				CODE_SIGN_ENTITLEMENTS = CloudKitPublicDatabaseSample/CloudKitPublicDatabaseSample.entitlements;
				CODE_SIGN_STYLE = Automatic;
				CURRENT_PROJECT_VERSION = 1;
				DEVELOPMENT_ASSET_PATHS = "\"CloudKitPublicDatabaseSample/Preview Content\"";
				DEVELOPMENT_TEAM = 3UR85MK9RT;
				ENABLE_PREVIEWS = YES;
				GENERATE_INFOPLIST_FILE = YES;
				INFOPLIST_KEY_UIApplicationSceneManifest_Generation = YES;
				INFOPLIST_KEY_UIApplicationSupportsIndirectInputEvents = YES;
				INFOPLIST_KEY_UILaunchScreen_Generation = YES;
				INFOPLIST_KEY_UISupportedInterfaceOrientations_iPad = "UIInterfaceOrientationPortrait UIInterfaceOrientationPortraitUpsideDown UIInterfaceOrientationLandscapeLeft UIInterfaceOrientationLandscapeRight";
				INFOPLIST_KEY_UISupportedInterfaceOrientations_iPhone = "UIInterfaceOrientationPortrait UIInterfaceOrientationLandscapeLeft UIInterfaceOrientationLandscapeRight";
				LD_RUNPATH_SEARCH_PATHS = (
					"$(inherited)",
					"@executable_path/Frameworks",
				);
				MARKETING_VERSION = 1.0;
				PRODUCT_BUNDLE_IDENTIFIER = com.CoryTripathy.CloudKitPublicDatabaseSample;
				PRODUCT_NAME = "$(TARGET_NAME)";
				SWIFT_EMIT_LOC_STRINGS = YES;
				SWIFT_VERSION = 5.0;
				TARGETED_DEVICE_FAMILY = "1,2";
			};
			name = Release;
		};
/* End XCBuildConfiguration section */

/* Begin XCConfigurationList section */
		74CB1B912B694117005C7F15 /* Build configuration list for PBXProject "CloudKitPublicDatabaseSample" */ = {
			isa = XCConfigurationList;
			buildConfigurations = (
				74CB1BA22B694118005C7F15 /* Debug */,
				74CB1BA32B694118005C7F15 /* Release */,
			);
			defaultConfigurationIsVisible = 0;
			defaultConfigurationName = Release;
		};
		74CB1BA42B694118005C7F15 /* Build configuration list for PBXNativeTarget "CloudKitPublicDatabaseSample" */ = {
			isa = XCConfigurationList;
			buildConfigurations = (
				74CB1BA52B694118005C7F15 /* Debug */,
				74CB1BA62B694118005C7F15 /* Release */,
			);
			defaultConfigurationIsVisible = 0;
			defaultConfigurationName = Release;
		};
/* End XCConfigurationList section */
	};
	rootObject = 74CB1B8E2B694117005C7F15 /* Project object */;
}
